
Microsoft Visual Studio Solution File, Format Version 12.00
# Visual Studio 15
VisualStudioVersion = 15.0.28307.271
MinimumVisualStudioVersion = 10.0.40219.1
Project("{FAE04EC0-301F-11D3-BF4B-00C04F79EFBC}") = "ProgrammingPractical", "ProgrammingPractical\ProgrammingPractical.csproj", "{8A080E63-8550-484D-AF5A-ADA8B3EB8698}"
EndProject
Global
	GlobalSection(SolutionConfigurationPlatforms) = preSolution
		Debug|Any CPU = Debug|Any CPU
		Release|Any CPU = Release|Any CPU
	EndGlobalSection
	GlobalSection(ProjectConfigurationPlatforms) = postSolution
		{8A080E63-8550-484D-AF5A-ADA8B3EB8698}.Debug|Any CPU.ActiveCfg = Debug|Any CPU
		{8A080E63-8550-484D-AF5A-ADA8B3EB8698}.Debug|Any CPU.Build.0 = Debug|Any CPU
		{8A080E63-8550-484D-AF5A-ADA8B3EB8698}.Release|Any CPU.ActiveCfg = Release|Any CPU
		{8A080E63-8550-484D-AF5A-ADA8B3EB8698}.Release|Any CPU.Build.0 = Release|Any CPU
	EndGlobalSection
	GlobalSection(SolutionProperties) = preSolution
		HideSolutionNode = FALSE
	EndGlobalSection
	GlobalSection(ExtensibilityGlobals) = postSolution
		SolutionGuid = {CD1B0588-D8A4-4236-B860-A672091C089C}
	EndGlobalSection
EndGlobal
